# This file is automatically @generated by Poetry 2.0.1 and should not be changed by hand.

[[package]]
name = "atheris"
version = "2.3.0"
description = "A coverage-guided fuzzer for Python and Python extensions."
optional = false
python-versions = "*"
groups = ["main"]
files = [
    {file = "atheris-2.3.0-cp310-cp310-manylinux_2_17_x86_64.manylinux2014_x86_64.whl", hash = "sha256:b91cb296d60915c3efa4f6db48f09c4678b574cddb7ca98035f1cb9d9fb96f64"},
    {file = "atheris-2.3.0-cp311-cp311-manylinux_2_17_x86_64.manylinux2014_x86_64.whl", hash = "sha256:e4e43d1ee4760916a84ff73c9c6cf9ac6eee80fc030479bbed43fe0b8e994981"},
    {file = "atheris-2.3.0-cp36-cp36m-manylinux_2_17_x86_64.manylinux2014_x86_64.whl", hash = "sha256:6d4e83c8a518e7f7d1c82ee52453255bf6309b7b335657534e83747d4fdfa110"},
    {file = "atheris-2.3.0-cp37-cp37m-manylinux_2_17_x86_64.manylinux2014_x86_64.whl", hash = "sha256:c353952ee375bf851527e8b2ea57fdefd7ad16aadfe18143801998075485eccd"},
    {file = "atheris-2.3.0-cp38-cp38-manylinux_2_17_x86_64.manylinux2014_x86_64.whl", hash = "sha256:9877b6c2bd5386f9fbbb2989a939c717383d9639f5476411c06fe50fe2fe09a6"},
    {file = "atheris-2.3.0-cp39-cp39-manylinux_2_17_x86_64.manylinux2014_x86_64.whl", hash = "sha256:005bde4b5a70e998b7fa097e9aa195972dcc2e04092156a0149cff7aa0de970e"},
    {file = "atheris-2.3.0.tar.gz", hash = "sha256:cf1fdf5fa220a41a2f262b32363fc566549502b2cb0addf4e1baad5531c0e825"},
]

[[package]]
name = "colorama"
version = "0.4.6"
description = "Cross-platform colored terminal text."
optional = false
python-versions = "!=3.0.*,!=3.1.*,!=3.2.*,!=3.3.*,!=3.4.*,!=3.5.*,!=3.6.*,>=2.7"
groups = ["main"]
markers = "sys_platform == \"win32\" or platform_system == \"Windows\""
files = [
    {file = "colorama-0.4.6-py2.py3-none-any.whl", hash = "sha256:4f1d9991f5acc0ca119f9d443620b77f9d6b33703e51011c16baf57afb285fc6"},
    {file = "colorama-0.4.6.tar.gz", hash = "sha256:08695f5cb7ed6e0531a20572697297273c47b8cae5a63ffc6d6ed5c201be6e44"},
]

[[package]]
name = "conditional"
version = "2.0"
description = "Conditionally enter a context manager"
optional = false
python-versions = ">=3.5"
groups = ["main"]
files = [
    {file = "conditional-2.0-py3-none-any.whl", hash = "sha256:8c98299df54486f6e8db36ddfecbc441d0b0bda92d394f2e32b7dd10d63db7f3"},
    {file = "conditional-2.0.tar.gz", hash = "sha256:7e6745ca293976bf1bde5e993180aa0bb095814c7af9c517ecc6d0ed0b841096"},
]

[package.extras]
docs = ["sphinx (==5.3.0)", "sphinx-rtd-theme (==1.0.0)"]
mypy = ["mypy"]
testing = ["flexmock"]

[[package]]
name = "coverage"
version = "7.6.11"
description = "Code coverage measurement for Python"
optional = false
python-versions = ">=3.9"
groups = ["main"]
files = [
    {file = "coverage-7.6.11-cp310-cp310-macosx_10_9_x86_64.whl", hash = "sha256:eafea49da254a8289bed3fab960f808b322eda5577cb17a3733014928bbfbebd"},
    {file = "coverage-7.6.11-cp310-cp310-macosx_11_0_arm64.whl", hash = "sha256:5a3f7cbbcb4ad95067a6525f83a6fc78d9cbc1e70f8abaeeaeaa72ef34f48fc3"},
    {file = "coverage-7.6.11-cp310-cp310-manylinux_2_17_aarch64.manylinux2014_aarch64.whl", hash = "sha256:de6b079b39246a7da9a40cfa62d5766bd52b4b7a88cf5a82ec4c45bf6e152306"},
    {file = "coverage-7.6.11-cp310-cp310-manylinux_2_5_i686.manylinux1_i686.manylinux_2_17_i686.manylinux2014_i686.whl", hash = "sha256:60d4ad09dfc8c36c4910685faafcb8044c84e4dae302e86c585b3e2e7778726c"},
    {file = "coverage-7.6.11-cp310-cp310-manylinux_2_5_x86_64.manylinux1_x86_64.manylinux_2_17_x86_64.manylinux2014_x86_64.whl", hash = "sha256:8e433b6e3a834a43dae2889adc125f3fa4c66668df420d8e49bc4ee817dd7a70"},
    {file = "coverage-7.6.11-cp310-cp310-musllinux_1_2_aarch64.whl", hash = "sha256:ac5d92e2cc121a13270697e4cb37e1eb4511ac01d23fe1b6c097facc3b46489e"},
    {file = "coverage-7.6.11-cp310-cp310-musllinux_1_2_i686.whl", hash = "sha256:5128f3ba694c0a1bde55fc480090392c336236c3e1a10dad40dc1ab17c7675ff"},
    {file = "coverage-7.6.11-cp310-cp310-musllinux_1_2_x86_64.whl", hash = "sha256:397489c611b76302dfa1d9ea079e138dddc4af80fc6819d5f5119ec8ca6c0e47"},
    {file = "coverage-7.6.11-cp310-cp310-win32.whl", hash = "sha256:c7719a5e1dc93883a6b319bc0374ecd46fb6091ed659f3fbe281ab991634b9b0"},
    {file = "coverage-7.6.11-cp310-cp310-win_amd64.whl", hash = "sha256:c27df03730059118b8a923cfc8b84b7e9976742560af528242f201880879c1da"},
    {file = "coverage-7.6.11-cp311-cp311-macosx_10_9_x86_64.whl", hash = "sha256:532fe139691af134aa8b54ed60dd3c806aa81312d93693bd2883c7b61592c840"},
    {file = "coverage-7.6.11-cp311-cp311-macosx_11_0_arm64.whl", hash = "sha256:e0b0f272901a5172090c0802053fbc503cdc3fa2612720d2669a98a7384a7bec"},
    {file = "coverage-7.6.11-cp311-cp311-manylinux_2_5_i686.manylinux1_i686.manylinux_2_17_i686.manylinux2014_i686.whl", hash = "sha256:4bda710139ea646890d1c000feb533caff86904a0e0638f85e967c28cb8eec50"},
    {file = "coverage-7.6.11-cp311-cp311-manylinux_2_5_x86_64.manylinux1_x86_64.manylinux_2_17_x86_64.manylinux2014_x86_64.whl", hash = "sha256:a165b09e7d5f685bf659063334a9a7b1a2d57b531753d3e04bd442b3cfe5845b"},
    {file = "coverage-7.6.11-cp311-cp311-musllinux_1_2_i686.whl", hash = "sha256:ff136607689c1c87f43d24203b6d2055b42030f352d5176f9c8b204d4235ef27"},
    {file = "coverage-7.6.11-cp311-cp311-musllinux_1_2_x86_64.whl", hash = "sha256:050172741de03525290e67f0161ae5f7f387c88fca50d47fceb4724ceaa591d2"},
    {file = "coverage-7.6.11-cp311-cp311-win32.whl", hash = "sha256:27700d859be68e4fb2e7bf774cf49933dcac6f81a9bc4c13bd41735b8d26a53b"},
    {file = "coverage-7.6.11-cp311-cp311-win_amd64.whl", hash = "sha256:cd4839813b09ab1dd1be1bbc74f9a7787615f931f83952b6a9af1b2d3f708bf7"},
    {file = "coverage-7.6.11-cp312-cp312-macosx_10_13_x86_64.whl", hash = "sha256:dbb1a822fd858d9853333a7c95d4e70dde9a79e65893138ce32c2ec6457d7a36"},
    {file = "coverage-7.6.11-cp312-cp312-macosx_11_0_arm64.whl", hash = "sha256:61c834cbb80946d6ebfddd9b393a4c46bec92fcc0fa069321fcb8049117f76ea"},
    {file = "coverage-7.6.11-cp312-cp312-manylinux_2_5_i686.manylinux1_i686.manylinux_2_17_i686.manylinux2014_i686.whl", hash = "sha256:a46d56e99a31d858d6912d31ffa4ede6a325c86af13139539beefca10a1234ce"},
    {file = "coverage-7.6.11-cp312-cp312-manylinux_2_5_x86_64.manylinux1_x86_64.manylinux_2_17_x86_64.manylinux2014_x86_64.whl", hash = "sha256:5b48db06f53d1864fea6dbd855e6d51d41c0f06c212c3004511c0bdc6847b297"},
    {file = "coverage-7.6.11-cp312-cp312-musllinux_1_2_i686.whl", hash = "sha256:b6ff5be3b1853e0862da9d349fe87f869f68e63a25f7c37ce1130b321140f963"},
    {file = "coverage-7.6.11-cp312-cp312-musllinux_1_2_x86_64.whl", hash = "sha256:be05bde21d5e6eefbc3a6de6b9bee2b47894b8945342e8663192809c4d1f08ce"},
    {file = "coverage-7.6.11-cp312-cp312-win32.whl", hash = "sha256:e3b746fa0ffc5b6b8856529de487da8b9aeb4fb394bb58de6502ef45f3434f12"},
    {file = "coverage-7.6.11-cp312-cp312-win_amd64.whl", hash = "sha256:ac476e6d0128fb7919b3fae726de72b28b5c9644cb4b579e4a523d693187c551"},
    {file = "coverage-7.6.11-cp313-cp313-macosx_10_13_x86_64.whl", hash = "sha256:c86f4c7a6d1a54a24d804d9684d96e36a62d3ef7c0d7745ae2ea39e3e0293251"},
    {file = "coverage-7.6.11-cp313-cp313-macosx_11_0_arm64.whl", hash = "sha256:7eb0504bb307401fd08bc5163a351df301438b3beb88a4fa044681295bbefc67"},
    {file = "coverage-7.6.11-cp313-cp313-manylinux_2_17_aarch64.manylinux2014_aarch64.whl", hash = "sha256:ca95d40900cf614e07f00cee8c2fad0371df03ca4d7a80161d84be2ec132b7a4"},
    {file = "coverage-7.6.11-cp313-cp313-manylinux_2_5_i686.manylinux1_i686.manylinux_2_17_i686.manylinux2014_i686.whl", hash = "sha256:db4b1a69976b1b02acda15937538a1d3fe10b185f9d99920b17a740a0a102e06"},
    {file = "coverage-7.6.11-cp313-cp313-manylinux_2_5_x86_64.manylinux1_x86_64.manylinux_2_17_x86_64.manylinux2014_x86_64.whl", hash = "sha256:4cf96beb05d004e4c51cd846fcdf9eee9eb2681518524b66b2e7610507944c2f"},
    {file = "coverage-7.6.11-cp313-cp313-musllinux_1_2_aarch64.whl", hash = "sha256:08e5fb93576a6b054d3d326242af5ef93daaac9bb52bc25f12ccbc3fa94227cd"},
    {file = "coverage-7.6.11-cp313-cp313-musllinux_1_2_i686.whl", hash = "sha256:25575cd5a7d2acc46b42711e8aff826027c0e4f80fb38028a74f31ac22aae69d"},
    {file = "coverage-7.6.11-cp313-cp313-musllinux_1_2_x86_64.whl", hash = "sha256:8fa4fffd90ee92f62ff7404b4801b59e8ea8502e19c9bf2d3241ce745b52926c"},
    {file = "coverage-7.6.11-cp313-cp313-win32.whl", hash = "sha256:0d03c9452d9d1ccfe5d3a5df0427705022a49b356ac212d529762eaea5ef97b4"},
    {file = "coverage-7.6.11-cp313-cp313-win_amd64.whl", hash = "sha256:fd2fffc8ce8692ce540103dff26279d2af22d424516ddebe2d7e4d6dbb3816b2"},
    {file = "coverage-7.6.11-cp313-cp313t-macosx_10_13_x86_64.whl", hash = "sha256:5e7ac966ab110bd94ee844f2643f196d78fde1cd2450399116d3efdd706e19f5"},
    {file = "coverage-7.6.11-cp313-cp313t-macosx_11_0_arm64.whl", hash = "sha256:6ba27a0375c5ef4d2a7712f829265102decd5ff78b96d342ac2fa555742c4f4f"},
    {file = "coverage-7.6.11-cp313-cp313t-manylinux_2_17_aarch64.manylinux2014_aarch64.whl", hash = "sha256:e2778be4f574b39ec9dcd9e5e13644f770351ee0990a0ecd27e364aba95af89b"},
    {file = "coverage-7.6.11-cp313-cp313t-manylinux_2_5_i686.manylinux1_i686.manylinux_2_17_i686.manylinux2014_i686.whl", hash = "sha256:5edc16712187139ab635a2e644cc41fc239bc6d245b16124045743130455c652"},
    {file = "coverage-7.6.11-cp313-cp313t-manylinux_2_5_x86_64.manylinux1_x86_64.manylinux_2_17_x86_64.manylinux2014_x86_64.whl", hash = "sha256:df6ff122a0a10a30121d9f0cb3fbd03a6fe05861e4ec47adb9f25e9245aabc19"},
    {file = "coverage-7.6.11-cp313-cp313t-musllinux_1_2_aarch64.whl", hash = "sha256:ff562952f15eff27247a4c4b03e45ce8a82e3fb197de6a7c54080f9d4ba07845"},
    {file = "coverage-7.6.11-cp313-cp313t-musllinux_1_2_i686.whl", hash = "sha256:4f21e3617f48d683f30cf2a6c8b739c838e600cb1454fe6b2eb486ac2bce8fbd"},
    {file = "coverage-7.6.11-cp313-cp313t-musllinux_1_2_x86_64.whl", hash = "sha256:6d60577673ba48d8ae8e362e61fd4ad1a640293ffe8991d11c86f195479100b7"},
    {file = "coverage-7.6.11-cp313-cp313t-win32.whl", hash = "sha256:13100f98497086b359bf56fc035a762c674de8ef526daa389ac8932cb9bff1e0"},
    {file = "coverage-7.6.11-cp313-cp313t-win_amd64.whl", hash = "sha256:2c81e53782043b323bd34c7de711ed9b4673414eb517eaf35af92185b873839c"},
    {file = "coverage-7.6.11-cp39-cp39-macosx_10_9_x86_64.whl", hash = "sha256:ff52b4e2ac0080c96e506819586c4b16cdbf46724bda90d308a7330a73cc8521"},
    {file = "coverage-7.6.11-cp39-cp39-macosx_11_0_arm64.whl", hash = "sha256:f4679fcc9eb9004fdd1b00231ef1ec7167168071bebc4d66327e28c1979b4449"},
    {file = "coverage-7.6.11-cp39-cp39-manylinux_2_5_i686.manylinux1_i686.manylinux_2_17_i686.manylinux2014_i686.whl", hash = "sha256:90de4e9ca4489e823138bd13098af9ac8028cc029f33f60098b5c08c675c7bda"},
    {file = "coverage-7.6.11-cp39-cp39-manylinux_2_5_x86_64.manylinux1_x86_64.manylinux_2_17_x86_64.manylinux2014_x86_64.whl", hash = "sha256:6c96a142057d83ee993eaf71629ca3fb952cda8afa9a70af4132950c2bd3deb9"},
    {file = "coverage-7.6.11-cp39-cp39-musllinux_1_2_i686.whl", hash = "sha256:476f29a258b9cd153f2be5bf5f119d670d2806363595263917bddc167d6e5cce"},
    {file = "coverage-7.6.11-cp39-cp39-musllinux_1_2_x86_64.whl", hash = "sha256:09d03f48d9025b8a6a116cddcb6c7b8ce80e4fb4c31dd2e124a7c377036ad58e"},
    {file = "coverage-7.6.11-cp39-cp39-win32.whl", hash = "sha256:bb35ae9f134fbd9cf7302a9654d5a1e597c974202678082dcc569eb39a8cde03"},
    {file = "coverage-7.6.11-cp39-cp39-win_amd64.whl", hash = "sha256:f382004fa4c93c01016d9226b9d696a08c53f6818b7ad59b4e96cb67e863353a"},
    {file = "coverage-7.6.11-pp39.pp310-none-any.whl", hash = "sha256:adc2d941c0381edfcf3897f94b9f41b1e504902fab78a04b1677f2f72afead4b"},
    {file = "coverage-7.6.11-py3-none-any.whl", hash = "sha256:f0f334ae844675420164175bf32b04e18a81fe57ad8eb7e0cfd4689d681ffed7"},
    {file = "coverage-7.6.11.tar.gz", hash = "sha256:e642e6a46a04e992ebfdabed79e46f478ec60e2c528e1e1a074d63800eda4286"},
]

[package.dependencies]
tomli = {version = "*", optional = true, markers = "python_full_version <= \"3.11.0a6\" and extra == \"toml\""}

[package.extras]
toml = ["tomli"]

[[package]]
name = "distlib"
version = "0.3.9"
description = "Distribution utilities"
optional = false
python-versions = "*"
groups = ["main"]
files = [
    {file = "distlib-0.3.9-py2.py3-none-any.whl", hash = "sha256:47f8c22fd27c27e25a65601af709b38e4f0a45ea4fc2e710f65755fa8caaaf87"},
    {file = "distlib-0.3.9.tar.gz", hash = "sha256:a60f20dea646b8a33f3e7772f74dc0b2d0772d2837ee1342a00645c81edf9403"},
]

[[package]]
name = "entrypoints"
version = "0.3"
description = "Discover and load entry points from installed packages."
optional = false
python-versions = ">=2.7"
groups = ["main"]
files = [
    {file = "entrypoints-0.3-py2.py3-none-any.whl", hash = "sha256:589f874b313739ad35be6e0cd7efde2a4e9b6fea91edcc34e58ecbb8dbe56d19"},
    {file = "entrypoints-0.3.tar.gz", hash = "sha256:c70dd71abe5a8c85e55e12c19bd91ccfeec11a6e99044204511f9ed547d48451"},
]

[[package]]
name = "exceptiongroup"
version = "1.2.2"
description = "Backport of PEP 654 (exception groups)"
optional = false
python-versions = ">=3.7"
groups = ["main"]
markers = "python_version < \"3.11\""
files = [
    {file = "exceptiongroup-1.2.2-py3-none-any.whl", hash = "sha256:3111b9d131c238bec2f8f516e123e14ba243563fb135d3fe885990585aa7795b"},
    {file = "exceptiongroup-1.2.2.tar.gz", hash = "sha256:47c2edf7c6738fafb49fd34290706d1a1a2f4d1c6df275526b62cbb4aa5393cc"},
]

[package.extras]
test = ["pytest (>=6)"]

[[package]]
name = "execnet"
version = "2.1.1"
description = "execnet: rapid multi-Python deployment"
optional = false
python-versions = ">=3.8"
groups = ["main"]
files = [
    {file = "execnet-2.1.1-py3-none-any.whl", hash = "sha256:26dee51f1b80cebd6d0ca8e74dd8745419761d3bef34163928cbebbdc4749fdc"},
    {file = "execnet-2.1.1.tar.gz", hash = "sha256:5189b52c6121c24feae288166ab41b32549c7e2348652736540b9e6e7d4e72e3"},
]

[package.extras]
testing = ["hatch", "pre-commit", "pytest", "tox"]

[[package]]
name = "filelock"
version = "3.17.0"
description = "A platform independent file lock."
optional = false
python-versions = ">=3.9"
groups = ["main"]
files = [
    {file = "filelock-3.17.0-py3-none-any.whl", hash = "sha256:533dc2f7ba78dc2f0f531fc6c4940addf7b70a481e269a5a3b93be94ffbe8338"},
    {file = "filelock-3.17.0.tar.gz", hash = "sha256:ee4e77401ef576ebb38cd7f13b9b28893194acc20a8e68e18730ba9c0e54660e"},
]

[package.extras]
docs = ["furo (>=2024.8.6)", "sphinx (>=8.1.3)", "sphinx-autodoc-typehints (>=3)"]
testing = ["covdefaults (>=2.3)", "coverage (>=7.6.10)", "diff-cover (>=9.2.1)", "pytest (>=8.3.4)", "pytest-asyncio (>=0.25.2)", "pytest-cov (>=6)", "pytest-mock (>=3.14)", "pytest-timeout (>=2.3.1)", "virtualenv (>=20.28.1)"]
typing = ["typing-extensions (>=4.12.2)"]

[[package]]
name = "flake8"
version = "3.7.5"
description = "the modular source code checker: pep8, pyflakes and co"
optional = false
python-versions = ">=2.7, !=3.0.*, !=3.1.*, !=3.2.*, !=3.3.*"
groups = ["main"]
files = [
    {file = "flake8-3.7.5-py2.py3-none-any.whl", hash = "sha256:c3ba1e130c813191db95c431a18cb4d20a468e98af7a77e2181b68574481ad36"},
    {file = "flake8-3.7.5.tar.gz", hash = "sha256:fd9ddf503110bf3d8b1d270e8c673aab29ccb3dd6abf29bae1f54e5116ab4a91"},
]

[package.dependencies]
entrypoints = ">=0.3.0,<0.4.0"
mccabe = ">=0.6.0,<0.7.0"
pycodestyle = ">=2.5.0,<2.6.0"
pyflakes = ">=2.1.0,<2.2.0"

[[package]]
name = "iniconfig"
version = "2.0.0"
description = "brain-dead simple config-ini parsing"
optional = false
python-versions = ">=3.7"
groups = ["main"]
files = [
    {file = "iniconfig-2.0.0-py3-none-any.whl", hash = "sha256:b6a85871a79d2e3b22d2d1b94ac2824226a63c6b741c88f7ae975f18b6778374"},
    {file = "iniconfig-2.0.0.tar.gz", hash = "sha256:2d91e135bf72d31a410b17c16da610a82cb55f6b0477d1a902134b24a455b8b3"},
]

[[package]]
name = "mccabe"
version = "0.6.1"
description = "McCabe checker, plugin for flake8"
optional = false
python-versions = "*"
groups = ["main"]
files = [
    {file = "mccabe-0.6.1-py2.py3-none-any.whl", hash = "sha256:ab8a6258860da4b6677da4bd2fe5dc2c659cff31b3ee4f7f5d64e79735b80d42"},
    {file = "mccabe-0.6.1.tar.gz", hash = "sha256:dd8d182285a0fe56bace7f45b5e7d1a6ebcbf524e8f3bd87eb0f125271b8831f"},
]

[[package]]
name = "mock"
version = "5.1.0"
description = "Rolling backport of unittest.mock for all Pythons"
optional = false
python-versions = ">=3.6"
groups = ["main"]
files = [
    {file = "mock-5.1.0-py3-none-any.whl", hash = "sha256:18c694e5ae8a208cdb3d2c20a993ca1a7b0efa258c247a1e565150f477f83744"},
    {file = "mock-5.1.0.tar.gz", hash = "sha256:5e96aad5ccda4718e0a229ed94b2024df75cc2d55575ba5762d31f5767b8767d"},
]

[package.extras]
build = ["blurb", "twine", "wheel"]
docs = ["sphinx"]
test = ["pytest", "pytest-cov"]

[[package]]
name = "packaging"
version = "24.2"
description = "Core utilities for Python packages"
optional = false
python-versions = ">=3.8"
groups = ["main"]
files = [
    {file = "packaging-24.2-py3-none-any.whl", hash = "sha256:09abb1bccd265c01f4a3aa3f7a7db064b36514d2cba19a2f694fe6150451a759"},
    {file = "packaging-24.2.tar.gz", hash = "sha256:c228a6dc5e932d346bc5739379109d49e8853dd8223571c7c5b55260edc0b97f"},
]

[[package]]
name = "platformdirs"
version = "4.3.6"
description = "A small Python package for determining appropriate platform-specific dirs, e.g. a `user data dir`."
optional = false
python-versions = ">=3.8"
groups = ["main"]
files = [
    {file = "platformdirs-4.3.6-py3-none-any.whl", hash = "sha256:73e575e1408ab8103900836b97580d5307456908a03e92031bab39e4554cc3fb"},
    {file = "platformdirs-4.3.6.tar.gz", hash = "sha256:357fb2acbc885b0419afd3ce3ed34564c13c9b95c89360cd9563f73aa5e2b907"},
]

[package.extras]
docs = ["furo (>=2024.8.6)", "proselint (>=0.14)", "sphinx (>=8.0.2)", "sphinx-autodoc-typehints (>=2.4)"]
test = ["appdirs (==1.4.4)", "covdefaults (>=2.3)", "pytest (>=8.3.2)", "pytest-cov (>=5)", "pytest-mock (>=3.14)"]
type = ["mypy (>=1.11.2)"]

[[package]]
name = "pluggy"
version = "1.5.0"
description = "plugin and hook calling mechanisms for python"
optional = false
python-versions = ">=3.8"
groups = ["main"]
files = [
    {file = "pluggy-1.5.0-py3-none-any.whl", hash = "sha256:44e1ad92c8ca002de6377e165f3e0f1be63266ab4d554740532335b9d75ea669"},
    {file = "pluggy-1.5.0.tar.gz", hash = "sha256:2cffa88e94fdc978c4c574f15f9e59b7f4201d439195c3715ca9e2486f1d0cf1"},
]

[package.extras]
dev = ["pre-commit", "tox"]
testing = ["pytest", "pytest-benchmark"]

[[package]]
name = "py"
version = "1.11.0"
description = "library with cross-python path, ini-parsing, io, code, log facilities"
optional = false
python-versions = ">=2.7, !=3.0.*, !=3.1.*, !=3.2.*, !=3.3.*, !=3.4.*"
groups = ["main"]
files = [
    {file = "py-1.11.0-py2.py3-none-any.whl", hash = "sha256:607c53218732647dff4acdfcd50cb62615cedf612e72d1724fb1a0cc6405b378"},
    {file = "py-1.11.0.tar.gz", hash = "sha256:51c75c4126074b472f746a24399ad32f6053d1b34b68d2fa41e558e6f4a98719"},
]

[[package]]
name = "pycodestyle"
version = "2.5.0"
description = "Python style guide checker"
optional = false
python-versions = ">=2.7, !=3.0.*, !=3.1.*, !=3.2.*, !=3.3.*"
groups = ["main"]
files = [
    {file = "pycodestyle-2.5.0-py2.py3-none-any.whl", hash = "sha256:95a2219d12372f05704562a14ec30bc76b05a5b297b21a5dfe3f6fac3491ae56"},
    {file = "pycodestyle-2.5.0.tar.gz", hash = "sha256:e40a936c9a450ad81df37f549d676d127b1b66000a6c500caa2b085bc0ca976c"},
]

[[package]]
name = "pyflakes"
version = "2.1.1"
description = "passive checker of Python programs"
optional = false
python-versions = ">=2.7, !=3.0.*, !=3.1.*, !=3.2.*, !=3.3.*"
groups = ["main"]
files = [
    {file = "pyflakes-2.1.1-py2.py3-none-any.whl", hash = "sha256:17dbeb2e3f4d772725c777fabc446d5634d1038f234e77343108ce445ea69ce0"},
    {file = "pyflakes-2.1.1.tar.gz", hash = "sha256:d976835886f8c5b31d47970ed689944a0262b5f3afa00a5a7b4dc81e5449f8a2"},
]

[[package]]
name = "pytest"
version = "8.3.4"
description = "pytest: simple powerful testing with Python"
optional = false
python-versions = ">=3.8"
groups = ["main"]
files = [
    {file = "pytest-8.3.4-py3-none-any.whl", hash = "sha256:50e16d954148559c9a74109af1eaf0c945ba2d8f30f0a3d3335edde19788b6f6"},
    {file = "pytest-8.3.4.tar.gz", hash = "sha256:965370d062bce11e73868e0335abac31b4d3de0e82f4007408d242b4f8610761"},
]

[package.dependencies]
colorama = {version = "*", markers = "sys_platform == \"win32\""}
exceptiongroup = {version = ">=1.0.0rc8", markers = "python_version < \"3.11\""}
iniconfig = "*"
packaging = "*"
pluggy = ">=1.5,<2"
tomli = {version = ">=1", markers = "python_version < \"3.11\""}

[package.extras]
dev = ["argcomplete", "attrs (>=19.2)", "hypothesis (>=3.56)", "mock", "pygments (>=2.7.2)", "requests", "setuptools", "xmlschema"]

[[package]]
name = "pytest-cov"
version = "6.0.0"
description = "Pytest plugin for measuring coverage."
optional = false
python-versions = ">=3.9"
groups = ["main"]
files = [
    {file = "pytest-cov-6.0.0.tar.gz", hash = "sha256:fde0b595ca248bb8e2d76f020b465f3b107c9632e6a1d1705f17834c89dcadc0"},
    {file = "pytest_cov-6.0.0-py3-none-any.whl", hash = "sha256:eee6f1b9e61008bd34975a4d5bab25801eb31898b032dd55addc93e96fcaaa35"},
]

[package.dependencies]
coverage = {version = ">=7.5", extras = ["toml"]}
pytest = ">=4.6"

[package.extras]
testing = ["fields", "hunter", "process-tests", "pytest-xdist", "virtualenv"]

[[package]]
name = "pytest-xdist"
version = "3.6.1"
description = "pytest xdist plugin for distributed testing, most importantly across multiple CPUs"
optional = false
python-versions = ">=3.8"
groups = ["main"]
files = [
    {file = "pytest_xdist-3.6.1-py3-none-any.whl", hash = "sha256:9ed4adfb68a016610848639bb7e02c9352d5d9f03d04809919e2dafc3be4cca7"},
    {file = "pytest_xdist-3.6.1.tar.gz", hash = "sha256:ead156a4db231eec769737f57668ef58a2084a34b2e55c4a8fa20d861107300d"},
]

[package.dependencies]
execnet = ">=2.1"
pytest = ">=7.0.0"

[package.extras]
psutil = ["psutil (>=3.0)"]
setproctitle = ["setproctitle"]
testing = ["filelock"]

[[package]]
name = "six"
version = "1.17.0"
description = "Python 2 and 3 compatibility utilities"
optional = false
python-versions = "!=3.0.*,!=3.1.*,!=3.2.*,>=2.7"
groups = ["main"]
files = [
    {file = "six-1.17.0-py2.py3-none-any.whl", hash = "sha256:4721f391ed90541fddacab5acf947aa0d3dc7d27b2e1e8eda2be8970586c3274"},
    {file = "six-1.17.0.tar.gz", hash = "sha256:ff70335d468e7eb6ec65b95b99d3a2836546063f63acc5171de367e834932a81"},
]

[[package]]
name = "tomli"
version = "2.2.1"
description = "A lil' TOML parser"
optional = false
python-versions = ">=3.8"
groups = ["main"]
markers = "python_full_version <= \"3.11.0a6\""
files = [
    {file = "tomli-2.2.1-cp311-cp311-macosx_10_9_x86_64.whl", hash = "sha256:678e4fa69e4575eb77d103de3df8a895e1591b48e740211bd1067378c69e8249"},
    {file = "tomli-2.2.1-cp311-cp311-macosx_11_0_arm64.whl", hash = "sha256:023aa114dd824ade0100497eb2318602af309e5a55595f76b626d6d9f3b7b0a6"},
    {file = "tomli-2.2.1-cp311-cp311-manylinux_2_17_aarch64.manylinux2014_aarch64.whl", hash = "sha256:ece47d672db52ac607a3d9599a9d48dcb2f2f735c6c2d1f34130085bb12b112a"},
    {file = "tomli-2.2.1-cp311-cp311-manylinux_2_17_x86_64.manylinux2014_x86_64.whl", hash = "sha256:6972ca9c9cc9f0acaa56a8ca1ff51e7af152a9f87fb64623e31d5c83700080ee"},
    {file = "tomli-2.2.1-cp311-cp311-manylinux_2_5_i686.manylinux1_i686.manylinux_2_17_i686.manylinux2014_i686.whl", hash = "sha256:c954d2250168d28797dd4e3ac5cf812a406cd5a92674ee4c8f123c889786aa8e"},
    {file = "tomli-2.2.1-cp311-cp311-musllinux_1_2_aarch64.whl", hash = "sha256:8dd28b3e155b80f4d54beb40a441d366adcfe740969820caf156c019fb5c7ec4"},
    {file = "tomli-2.2.1-cp311-cp311-musllinux_1_2_i686.whl", hash = "sha256:e59e304978767a54663af13c07b3d1af22ddee3bb2fb0618ca1593e4f593a106"},
    {file = "tomli-2.2.1-cp311-cp311-musllinux_1_2_x86_64.whl", hash = "sha256:33580bccab0338d00994d7f16f4c4ec25b776af3ffaac1ed74e0b3fc95e885a8"},
    {file = "tomli-2.2.1-cp311-cp311-win32.whl", hash = "sha256:465af0e0875402f1d226519c9904f37254b3045fc5084697cefb9bdde1ff99ff"},
    {file = "tomli-2.2.1-cp311-cp311-win_amd64.whl", hash = "sha256:2d0f2fdd22b02c6d81637a3c95f8cd77f995846af7414c5c4b8d0545afa1bc4b"},
    {file = "tomli-2.2.1-cp312-cp312-macosx_10_13_x86_64.whl", hash = "sha256:4a8f6e44de52d5e6c657c9fe83b562f5f4256d8ebbfe4ff922c495620a7f6cea"},
    {file = "tomli-2.2.1-cp312-cp312-macosx_11_0_arm64.whl", hash = "sha256:8d57ca8095a641b8237d5b079147646153d22552f1c637fd3ba7f4b0b29167a8"},
    {file = "tomli-2.2.1-cp312-cp312-manylinux_2_17_aarch64.manylinux2014_aarch64.whl", hash = "sha256:4e340144ad7ae1533cb897d406382b4b6fede8890a03738ff1683af800d54192"},
    {file = "tomli-2.2.1-cp312-cp312-manylinux_2_17_x86_64.manylinux2014_x86_64.whl", hash = "sha256:db2b95f9de79181805df90bedc5a5ab4c165e6ec3fe99f970d0e302f384ad222"},
    {file = "tomli-2.2.1-cp312-cp312-manylinux_2_5_i686.manylinux1_i686.manylinux_2_17_i686.manylinux2014_i686.whl", hash = "sha256:40741994320b232529c802f8bc86da4e1aa9f413db394617b9a256ae0f9a7f77"},
    {file = "tomli-2.2.1-cp312-cp312-musllinux_1_2_aarch64.whl", hash = "sha256:400e720fe168c0f8521520190686ef8ef033fb19fc493da09779e592861b78c6"},
    {file = "tomli-2.2.1-cp312-cp312-musllinux_1_2_i686.whl", hash = "sha256:02abe224de6ae62c19f090f68da4e27b10af2b93213d36cf44e6e1c5abd19fdd"},
    {file = "tomli-2.2.1-cp312-cp312-musllinux_1_2_x86_64.whl", hash = "sha256:b82ebccc8c8a36f2094e969560a1b836758481f3dc360ce9a3277c65f374285e"},
    {file = "tomli-2.2.1-cp312-cp312-win32.whl", hash = "sha256:889f80ef92701b9dbb224e49ec87c645ce5df3fa2cc548664eb8a25e03127a98"},
    {file = "tomli-2.2.1-cp312-cp312-win_amd64.whl", hash = "sha256:7fc04e92e1d624a4a63c76474610238576942d6b8950a2d7f908a340494e67e4"},
    {file = "tomli-2.2.1-cp313-cp313-macosx_10_13_x86_64.whl", hash = "sha256:f4039b9cbc3048b2416cc57ab3bda989a6fcf9b36cf8937f01a6e731b64f80d7"},
    {file = "tomli-2.2.1-cp313-cp313-macosx_11_0_arm64.whl", hash = "sha256:286f0ca2ffeeb5b9bd4fcc8d6c330534323ec51b2f52da063b11c502da16f30c"},
    {file = "tomli-2.2.1-cp313-cp313-manylinux_2_17_aarch64.manylinux2014_aarch64.whl", hash = "sha256:a92ef1a44547e894e2a17d24e7557a5e85a9e1d0048b0b5e7541f76c5032cb13"},
    {file = "tomli-2.2.1-cp313-cp313-manylinux_2_17_x86_64.manylinux2014_x86_64.whl", hash = "sha256:9316dc65bed1684c9a98ee68759ceaed29d229e985297003e494aa825ebb0281"},
    {file = "tomli-2.2.1-cp313-cp313-manylinux_2_5_i686.manylinux1_i686.manylinux_2_17_i686.manylinux2014_i686.whl", hash = "sha256:e85e99945e688e32d5a35c1ff38ed0b3f41f43fad8df0bdf79f72b2ba7bc5272"},
    {file = "tomli-2.2.1-cp313-cp313-musllinux_1_2_aarch64.whl", hash = "sha256:ac065718db92ca818f8d6141b5f66369833d4a80a9d74435a268c52bdfa73140"},
    {file = "tomli-2.2.1-cp313-cp313-musllinux_1_2_i686.whl", hash = "sha256:d920f33822747519673ee656a4b6ac33e382eca9d331c87770faa3eef562aeb2"},
    {file = "tomli-2.2.1-cp313-cp313-musllinux_1_2_x86_64.whl", hash = "sha256:a198f10c4d1b1375d7687bc25294306e551bf1abfa4eace6650070a5c1ae2744"},
    {file = "tomli-2.2.1-cp313-cp313-win32.whl", hash = "sha256:d3f5614314d758649ab2ab3a62d4f2004c825922f9e370b29416484086b264ec"},
    {file = "tomli-2.2.1-cp313-cp313-win_amd64.whl", hash = "sha256:a38aa0308e754b0e3c67e344754dff64999ff9b513e691d0e786265c93583c69"},
    {file = "tomli-2.2.1-py3-none-any.whl", hash = "sha256:cb55c73c5f4408779d0cf3eef9f762b9c9f147a77de7b258bef0a5628adc85cc"},
    {file = "tomli-2.2.1.tar.gz", hash = "sha256:cd45e1dc79c835ce60f7404ec8119f2eb06d38b1deba146f07ced3bbc44505ff"},
]

[[package]]
name = "tox"
version = "3.28.0"
description = "tox is a generic virtualenv management and test command line tool"
optional = false
python-versions = "!=3.0.*,!=3.1.*,!=3.2.*,!=3.3.*,!=3.4.*,>=2.7"
groups = ["main"]
files = [
    {file = "tox-3.28.0-py2.py3-none-any.whl", hash = "sha256:57b5ab7e8bb3074edc3c0c0b4b192a4f3799d3723b2c5b76f1fa9f2d40316eea"},
    {file = "tox-3.28.0.tar.gz", hash = "sha256:d0d28f3fe6d6d7195c27f8b054c3e99d5451952b54abdae673b71609a581f640"},
]

[package.dependencies]
colorama = {version = ">=0.4.1", markers = "platform_system == \"Windows\""}
filelock = ">=3.0.0"
packaging = ">=14"
pluggy = ">=0.12.0"
py = ">=1.4.17"
six = ">=1.14.0"
tomli = {version = ">=2.0.1", markers = "python_version >= \"3.7\" and python_version < \"3.11\""}
virtualenv = ">=16.0.0,<20.0.0 || >20.0.0,<20.0.1 || >20.0.1,<20.0.2 || >20.0.2,<20.0.3 || >20.0.3,<20.0.4 || >20.0.4,<20.0.5 || >20.0.5,<20.0.6 || >20.0.6,<20.0.7 || >20.0.7"

[package.extras]
docs = ["pygments-github-lexers (>=0.0.5)", "sphinx (>=2.0.0)", "sphinxcontrib-autoprogram (>=0.1.5)", "towncrier (>=18.5.0)"]
testing = ["flaky (>=3.4.0)", "freezegun (>=0.3.11)", "pathlib2 (>=2.3.3)", "psutil (>=5.6.1)", "pytest (>=4.0.0)", "pytest-cov (>=2.5.1)", "pytest-mock (>=1.10.0)", "pytest-randomly (>=1.0.0)"]

[[package]]
name = "virtualenv"
version = "20.29.2"
description = "Virtual Python Environment builder"
optional = false
python-versions = ">=3.8"
groups = ["main"]
files = [
    {file = "virtualenv-20.29.2-py3-none-any.whl", hash = "sha256:febddfc3d1ea571bdb1dc0f98d7b45d24def7428214d4fb73cc486c9568cce6a"},
    {file = "virtualenv-20.29.2.tar.gz", hash = "sha256:fdaabebf6d03b5ba83ae0a02cfe96f48a716f4fae556461d180825866f75b728"},
]

[package.dependencies]
distlib = ">=0.3.7,<1"
filelock = ">=3.12.2,<4"
platformdirs = ">=3.9.1,<5"

[package.extras]
docs = ["furo (>=2023.7.26)", "proselint (>=0.13)", "sphinx (>=7.1.2,!=7.3)", "sphinx-argparse (>=0.4)", "sphinxcontrib-towncrier (>=0.2.1a0)", "towncrier (>=23.6)"]
test = ["covdefaults (>=2.3)", "coverage (>=7.2.7)", "coverage-enable-subprocess (>=1)", "flaky (>=3.7)", "packaging (>=23.1)", "pytest (>=7.4)", "pytest-env (>=0.8.2)", "pytest-freezer (>=0.4.8)", "pytest-mock (>=3.11.1)", "pytest-randomly (>=3.12)", "pytest-timeout (>=2.1)", "setuptools (>=68)", "time-machine (>=2.10)"]

[metadata]
lock-version = "2.1"
python-versions = ">=3.9,<=3.11"
content-hash = "9389074aabe44a2384013c1d2b567bb3a84605b59f409a00d428e1c663aa75c7"
